
Microsoft Visual Studio Solution File, Format Version 12.00
# Visual Studio Version 17
VisualStudioVersion = 17.3.32728.150
MinimumVisualStudioVersion = 10.0.40219.1
Project("{FAE04EC0-301F-11D3-BF4B-00C04F79EFBC}") = "MMSaveEditor", "MMSaveEditor.csproj", "{900CA209-EBD0-4355-96EF-5DA825B36750}"
EndProject
Global
	GlobalSection(SolutionConfigurationPlatforms) = preSolution
		Debug|Any CPU = Debug|Any CPU
		Debug|x86 = Debug|x86
		Release|Any CPU = Release|Any CPU
		Release|x86 = Release|x86
	EndGlobalSection
	GlobalSection(ProjectConfigurationPlatforms) = postSolution
		{900CA209-EBD0-4355-96EF-5DA825B36750}.Debug|Any CPU.ActiveCfg = Debug|Any CPU
		{900CA209-EBD0-4355-96EF-5DA825B36750}.Debug|Any CPU.Build.0 = Debug|Any CPU
		{900CA209-EBD0-4355-96EF-5DA825B36750}.Debug|x86.ActiveCfg = Debug|Any CPU
		{900CA209-EBD0-4355-96EF-5DA825B36750}.Debug|x86.Build.0 = Debug|Any CPU
		{900CA209-EBD0-4355-96EF-5DA825B36750}.Release|Any CPU.ActiveCfg = Release|Any CPU
		{900CA209-EBD0-4355-96EF-5DA825B36750}.Release|Any CPU.Build.0 = Release|Any CPU
		{900CA209-EBD0-4355-96EF-5DA825B36750}.Release|x86.ActiveCfg = Release|Any CPU
		{900CA209-EBD0-4355-96EF-5DA825B36750}.Release|x86.Build.0 = Release|Any CPU
	EndGlobalSection
	GlobalSection(SolutionProperties) = preSolution
		HideSolutionNode = FALSE
	EndGlobalSection
	GlobalSection(ExtensibilityGlobals) = postSolution
		SolutionGuid = {7AB55F83-E8A5-485E-969C-2A2A57399569}
	EndGlobalSection
EndGlobal
