
Microsoft Visual Studio Solution File, Format Version 12.00
# Visual Studio 15
VisualStudioVersion = 15.0.26430.16
MinimumVisualStudioVersion = 10.0.40219.1
Project("{FAE04EC0-301F-11D3-BF4B-00C04F79EFBC}") = "MMSaveEditor", "MMSaveEditor.csproj", "{900CA209-EBD0-4355-96EF-5DA825B36750}"
EndProject
Project("{FAE04EC0-301F-11D3-BF4B-00C04F79EFBC}") = "JsonCompare", "..\JsonCompare\JsonCompare.csproj", "{DC2FFCEE-03F3-4ED1-B8D6-36C52B16C8FE}"
EndProject
Project("{FAE04EC0-301F-11D3-BF4B-00C04F79EFBC}") = "NBug", "..\NBug\NBug\NBug.csproj", "{62CED1D5-F603-40DE-8BF5-3E49D3A392F4}"
EndProject
Global
	GlobalSection(SolutionConfigurationPlatforms) = preSolution
		Debug|Any CPU = Debug|Any CPU
		Debug|x86 = Debug|x86
		Release|Any CPU = Release|Any CPU
		Release|x86 = Release|x86
	EndGlobalSection
	GlobalSection(ProjectConfigurationPlatforms) = postSolution
		{900CA209-EBD0-4355-96EF-5DA825B36750}.Debug|Any CPU.ActiveCfg = Debug|Any CPU
		{900CA209-EBD0-4355-96EF-5DA825B36750}.Debug|Any CPU.Build.0 = Debug|Any CPU
		{900CA209-EBD0-4355-96EF-5DA825B36750}.Debug|x86.ActiveCfg = Debug|Any CPU
		{900CA209-EBD0-4355-96EF-5DA825B36750}.Debug|x86.Build.0 = Debug|Any CPU
		{900CA209-EBD0-4355-96EF-5DA825B36750}.Release|Any CPU.ActiveCfg = Release|Any CPU
		{900CA209-EBD0-4355-96EF-5DA825B36750}.Release|Any CPU.Build.0 = Release|Any CPU
		{900CA209-EBD0-4355-96EF-5DA825B36750}.Release|x86.ActiveCfg = Release|Any CPU
		{900CA209-EBD0-4355-96EF-5DA825B36750}.Release|x86.Build.0 = Release|Any CPU
		{DC2FFCEE-03F3-4ED1-B8D6-36C52B16C8FE}.Debug|Any CPU.ActiveCfg = Debug|Any CPU
		{DC2FFCEE-03F3-4ED1-B8D6-36C52B16C8FE}.Debug|Any CPU.Build.0 = Debug|Any CPU
		{DC2FFCEE-03F3-4ED1-B8D6-36C52B16C8FE}.Debug|x86.ActiveCfg = Debug|Any CPU
		{DC2FFCEE-03F3-4ED1-B8D6-36C52B16C8FE}.Debug|x86.Build.0 = Debug|Any CPU
		{DC2FFCEE-03F3-4ED1-B8D6-36C52B16C8FE}.Release|Any CPU.ActiveCfg = Release|Any CPU
		{DC2FFCEE-03F3-4ED1-B8D6-36C52B16C8FE}.Release|Any CPU.Build.0 = Release|Any CPU
		{DC2FFCEE-03F3-4ED1-B8D6-36C52B16C8FE}.Release|x86.ActiveCfg = Release|Any CPU
		{DC2FFCEE-03F3-4ED1-B8D6-36C52B16C8FE}.Release|x86.Build.0 = Release|Any CPU
		{62CED1D5-F603-40DE-8BF5-3E49D3A392F4}.Debug|Any CPU.ActiveCfg = Debug|Any CPU
		{62CED1D5-F603-40DE-8BF5-3E49D3A392F4}.Debug|Any CPU.Build.0 = Debug|Any CPU
		{62CED1D5-F603-40DE-8BF5-3E49D3A392F4}.Debug|x86.ActiveCfg = Debug|Any CPU
		{62CED1D5-F603-40DE-8BF5-3E49D3A392F4}.Debug|x86.Build.0 = Debug|Any CPU
		{62CED1D5-F603-40DE-8BF5-3E49D3A392F4}.Release|Any CPU.ActiveCfg = Release|Any CPU
		{62CED1D5-F603-40DE-8BF5-3E49D3A392F4}.Release|Any CPU.Build.0 = Release|Any CPU
		{62CED1D5-F603-40DE-8BF5-3E49D3A392F4}.Release|x86.ActiveCfg = Release|Any CPU
		{62CED1D5-F603-40DE-8BF5-3E49D3A392F4}.Release|x86.Build.0 = Release|Any CPU
	EndGlobalSection
	GlobalSection(SolutionProperties) = preSolution
		HideSolutionNode = FALSE
	EndGlobalSection
EndGlobal
